// !$*UTF8*$!
{
	archiveVersion = 1;
	classes = {
	};
	objectVersion = 55;
	objects = {

/* Begin PBXBuildFile section */
		BBFB920A27575BB00071F5F9 /* Day01.swift in Sources */ = {isa = PBXBuildFile; fileRef = BBFB920927575BB00071F5F9 /* Day01.swift */; };
		BBFB9213275763840071F5F9 /* Utils.swift in Sources */ = {isa = PBXBuildFile; fileRef = BBFB9212275763840071F5F9 /* Utils.swift */; };
		BBFB9225275774210071F5F9 /* Day01.txt in CopyFiles */ = {isa = PBXBuildFile; fileRef = BBFB9224275774210071F5F9 /* Day01.txt */; };
		BBFB9227275774720071F5F9 /* Day01_test.txt in CopyFiles */ = {isa = PBXBuildFile; fileRef = BBFB9226275774720071F5F9 /* Day01_test.txt */; };
		BBFB92292761E3B60071F5F9 /* Day09.swift in Sources */ = {isa = PBXBuildFile; fileRef = BBFB92282761E3B60071F5F9 /* Day09.swift */; };
		BBFB922B2761E40A0071F5F9 /* Day09.txt in CopyFiles */ = {isa = PBXBuildFile; fileRef = BBFB922A2761E40A0071F5F9 /* Day09.txt */; };
		BBFB922D2761E41B0071F5F9 /* Day09_test.txt in CopyFiles */ = {isa = PBXBuildFile; fileRef = BBFB922C2761E41B0071F5F9 /* Day09_test.txt */; };
/* End PBXBuildFile section */

/* Begin PBXCopyFilesBuildPhase section */
		BBFB920427575BB00071F5F9 /* CopyFiles */ = {
			isa = PBXCopyFilesBuildPhase;
			buildActionMask = 12;
			dstPath = input;
			dstSubfolderSpec = 7;
			files = (
				BBFB922D2761E41B0071F5F9 /* Day09_test.txt in CopyFiles */,
				BBFB922B2761E40A0071F5F9 /* Day09.txt in CopyFiles */,
				BBFB9227275774720071F5F9 /* Day01_test.txt in CopyFiles */,
				BBFB9225275774210071F5F9 /* Day01.txt in CopyFiles */,
			);
			runOnlyForDeploymentPostprocessing = 0;
		};
/* End PBXCopyFilesBuildPhase section */

/* Begin PBXFileReference section */
		BBFB920627575BB00071F5F9 /* advent-of-code */ = {isa = PBXFileReference; explicitFileType = "compiled.mach-o.executable"; includeInIndex = 0; path = "advent-of-code"; sourceTree = BUILT_PRODUCTS_DIR; };
		BBFB920927575BB00071F5F9 /* Day01.swift */ = {isa = PBXFileReference; lastKnownFileType = sourcecode.swift; path = Day01.swift; sourceTree = "<group>"; };
		BBFB9212275763840071F5F9 /* Utils.swift */ = {isa = PBXFileReference; lastKnownFileType = sourcecode.swift; path = Utils.swift; sourceTree = "<group>"; };
		BBFB9224275774210071F5F9 /* Day01.txt */ = {isa = PBXFileReference; lastKnownFileType = text; name = Day01.txt; path = input/Day01.txt; sourceTree = "<group>"; };
		BBFB9226275774720071F5F9 /* Day01_test.txt */ = {isa = PBXFileReference; lastKnownFileType = text; name = Day01_test.txt; path = input/Day01_test.txt; sourceTree = "<group>"; };
		BBFB92282761E3B60071F5F9 /* Day09.swift */ = {isa = PBXFileReference; lastKnownFileType = sourcecode.swift; path = Day09.swift; sourceTree = "<group>"; };
		BBFB922A2761E40A0071F5F9 /* Day09.txt */ = {isa = PBXFileReference; lastKnownFileType = text; name = Day09.txt; path = input/Day09.txt; sourceTree = "<group>"; };
		BBFB922C2761E41B0071F5F9 /* Day09_test.txt */ = {isa = PBXFileReference; lastKnownFileType = text; name = Day09_test.txt; path = input/Day09_test.txt; sourceTree = "<group>"; };
/* End PBXFileReference section */

/* Begin PBXFrameworksBuildPhase section */
		BBFB920327575BB00071F5F9 /* Frameworks */ = {
			isa = PBXFrameworksBuildPhase;
			buildActionMask = 2147483647;
			files = (
			);
			runOnlyForDeploymentPostprocessing = 0;
		};
/* End PBXFrameworksBuildPhase section */

/* Begin PBXGroup section */
		BBFB91FD27575BB00071F5F9 = {
			isa = PBXGroup;
			children = (
				BBFB922C2761E41B0071F5F9 /* Day09_test.txt */,
				BBFB922A2761E40A0071F5F9 /* Day09.txt */,
				BBFB9226275774720071F5F9 /* Day01_test.txt */,
				BBFB9224275774210071F5F9 /* Day01.txt */,
				BBFB920827575BB00071F5F9 /* swift */,
				BBFB920727575BB00071F5F9 /* Products */,
			);
			sourceTree = "<group>";
		};
		BBFB920727575BB00071F5F9 /* Products */ = {
			isa = PBXGroup;
			children = (
				BBFB920627575BB00071F5F9 /* advent-of-code */,
			);
			name = Products;
			sourceTree = "<group>";
		};
		BBFB920827575BB00071F5F9 /* swift */ = {
			isa = PBXGroup;
			children = (
				BBFB920927575BB00071F5F9 /* Day01.swift */,
				BBFB9212275763840071F5F9 /* Utils.swift */,
				BBFB92282761E3B60071F5F9 /* Day09.swift */,
			);
			path = swift;
			sourceTree = "<group>";
		};
/* End PBXGroup section */

/* Begin PBXNativeTarget section */
		BBFB920527575BB00071F5F9 /* advent-of-code */ = {
			isa = PBXNativeTarget;
			buildConfigurationList = BBFB920D27575BB00071F5F9 /* Build configuration list for PBXNativeTarget "advent-of-code" */;
			buildPhases = (
				BBFB920227575BB00071F5F9 /* Sources */,
				BBFB920327575BB00071F5F9 /* Frameworks */,
				BBFB920427575BB00071F5F9 /* CopyFiles */,
			);
			buildRules = (
			);
			dependencies = (
			);
			name = "advent-of-code";
			productName = "advent-of-code";
			productReference = BBFB920627575BB00071F5F9 /* advent-of-code */;
			productType = "com.apple.product-type.tool";
		};
/* End PBXNativeTarget section */

/* Begin PBXProject section */
		BBFB91FE27575BB00071F5F9 /* Project object */ = {
			isa = PBXProject;
			attributes = {
				BuildIndependentTargetsInParallel = 1;
				LastSwiftUpdateCheck = 1310;
				LastUpgradeCheck = 1310;
				TargetAttributes = {
					BBFB920527575BB00071F5F9 = {
						CreatedOnToolsVersion = 13.1;
					};
				};
			};
			buildConfigurationList = BBFB920127575BB00071F5F9 /* Build configuration list for PBXProject "swift" */;
			compatibilityVersion = "Xcode 13.0";
			developmentRegion = en;
			hasScannedForEncodings = 0;
			knownRegions = (
				en,
				Base,
			);
			mainGroup = BBFB91FD27575BB00071F5F9;
			productRefGroup = BBFB920727575BB00071F5F9 /* Products */;
			projectDirPath = "";
			projectRoot = "";
			targets = (
				BBFB920527575BB00071F5F9 /* advent-of-code */,
			);
		};
/* End PBXProject section */

/* Begin PBXSourcesBuildPhase section */
		BBFB920227575BB00071F5F9 /* Sources */ = {
			isa = PBXSourcesBuildPhase;
			buildActionMask = 2147483647;
			files = (
				BBFB920A27575BB00071F5F9 /* Day01.swift in Sources */,
				BBFB9213275763840071F5F9 /* Utils.swift in Sources */,
				BBFB92292761E3B60071F5F9 /* Day09.swift in Sources */,
			);
			runOnlyForDeploymentPostprocessing = 0;
		};
/* End PBXSourcesBuildPhase section */

/* Begin XCBuildConfiguration section */
		BBFB920B27575BB00071F5F9 /* Debug */ = {
			isa = XCBuildConfiguration;
			buildSettings = {
				ALWAYS_SEARCH_USER_PATHS = NO;
				CLANG_ANALYZER_NONNULL = YES;
				CLANG_ANALYZER_NUMBER_OBJECT_CONVERSION = YES_AGGRESSIVE;
				CLANG_CXX_LANGUAGE_STANDARD = "gnu++17";
				CLANG_CXX_LIBRARY = "libc++";
				CLANG_ENABLE_MODULES = YES;
				CLANG_ENABLE_OBJC_ARC = YES;
				CLANG_ENABLE_OBJC_WEAK = YES;
				CLANG_WARN_BLOCK_CAPTURE_AUTORELEASING = YES;
				CLANG_WARN_BOOL_CONVERSION = YES;
				CLANG_WARN_COMMA = YES;
				CLANG_WARN_CONSTANT_CONVERSION = YES;
				CLANG_WARN_DEPRECATED_OBJC_IMPLEMENTATIONS = YES;
				CLANG_WARN_DIRECT_OBJC_ISA_USAGE = YES_ERROR;
				CLANG_WARN_DOCUMENTATION_COMMENTS = YES;
				CLANG_WARN_EMPTY_BODY = YES;
				CLANG_WARN_ENUM_CONVERSION = YES;
				CLANG_WARN_INFINITE_RECURSION = YES;
				CLANG_WARN_INT_CONVERSION = YES;
				CLANG_WARN_NON_LITERAL_NULL_CONVERSION = YES;
				CLANG_WARN_OBJC_IMPLICIT_RETAIN_SELF = YES;
				CLANG_WARN_OBJC_LITERAL_CONVERSION = YES;
				CLANG_WARN_OBJC_ROOT_CLASS = YES_ERROR;
				CLANG_WARN_QUOTED_INCLUDE_IN_FRAMEWORK_HEADER = YES;
				CLANG_WARN_RANGE_LOOP_ANALYSIS = YES;
				CLANG_WARN_STRICT_PROTOTYPES = YES;
				CLANG_WARN_SUSPICIOUS_MOVE = YES;
				CLANG_WARN_UNGUARDED_AVAILABILITY = YES_AGGRESSIVE;
				CLANG_WARN_UNREACHABLE_CODE = YES;
				CLANG_WARN__DUPLICATE_METHOD_MATCH = YES;
				COPY_PHASE_STRIP = NO;
				DEBUG_INFORMATION_FORMAT = dwarf;
				ENABLE_STRICT_OBJC_MSGSEND = YES;
				ENABLE_TESTABILITY = YES;
				GCC_C_LANGUAGE_STANDARD = gnu11;
				GCC_DYNAMIC_NO_PIC = NO;
				GCC_NO_COMMON_BLOCKS = YES;
				GCC_OPTIMIZATION_LEVEL = 0;
				GCC_PREPROCESSOR_DEFINITIONS = (
					"DEBUG=1",
					"$(inherited)",
				);
				GCC_WARN_64_TO_32_BIT_CONVERSION = YES;
				GCC_WARN_ABOUT_RETURN_TYPE = YES_ERROR;
				GCC_WARN_UNDECLARED_SELECTOR = YES;
				GCC_WARN_UNINITIALIZED_AUTOS = YES_AGGRESSIVE;
				GCC_WARN_UNUSED_FUNCTION = YES;
				GCC_WARN_UNUSED_VARIABLE = YES;
				MACOSX_DEPLOYMENT_TARGET = 12.0;
				MTL_ENABLE_DEBUG_INFO = INCLUDE_SOURCE;
				MTL_FAST_MATH = YES;
				ONLY_ACTIVE_ARCH = YES;
				SDKROOT = macosx;
				SWIFT_ACTIVE_COMPILATION_CONDITIONS = DEBUG;
				SWIFT_OPTIMIZATION_LEVEL = "-Onone";
			};
			name = Debug;
		};
		BBFB920C27575BB00071F5F9 /* Release */ = {
			isa = XCBuildConfiguration;
			buildSettings = {
				ALWAYS_SEARCH_USER_PATHS = NO;
				CLANG_ANALYZER_NONNULL = YES;
				CLANG_ANALYZER_NUMBER_OBJECT_CONVERSION = YES_AGGRESSIVE;
				CLANG_CXX_LANGUAGE_STANDARD = "gnu++17";
				CLANG_CXX_LIBRARY = "libc++";
				CLANG_ENABLE_MODULES = YES;
				CLANG_ENABLE_OBJC_ARC = YES;
				CLANG_ENABLE_OBJC_WEAK = YES;
				CLANG_WARN_BLOCK_CAPTURE_AUTORELEASING = YES;
				CLANG_WARN_BOOL_CONVERSION = YES;
				CLANG_WARN_COMMA = YES;
				CLANG_WARN_CONSTANT_CONVERSION = YES;
				CLANG_WARN_DEPRECATED_OBJC_IMPLEMENTATIONS = YES;
				CLANG_WARN_DIRECT_OBJC_ISA_USAGE = YES_ERROR;
				CLANG_WARN_DOCUMENTATION_COMMENTS = YES;
				CLANG_WARN_EMPTY_BODY = YES;
				CLANG_WARN_ENUM_CONVERSION = YES;
				CLANG_WARN_INFINITE_RECURSION = YES;
				CLANG_WARN_INT_CONVERSION = YES;
				CLANG_WARN_NON_LITERAL_NULL_CONVERSION = YES;
				CLANG_WARN_OBJC_IMPLICIT_RETAIN_SELF = YES;
				CLANG_WARN_OBJC_LITERAL_CONVERSION = YES;
				CLANG_WARN_OBJC_ROOT_CLASS = YES_ERROR;
				CLANG_WARN_QUOTED_INCLUDE_IN_FRAMEWORK_HEADER = YES;
				CLANG_WARN_RANGE_LOOP_ANALYSIS = YES;
				CLANG_WARN_STRICT_PROTOTYPES = YES;
				CLANG_WARN_SUSPICIOUS_MOVE = YES;
				CLANG_WARN_UNGUARDED_AVAILABILITY = YES_AGGRESSIVE;
				CLANG_WARN_UNREACHABLE_CODE = YES;
				CLANG_WARN__DUPLICATE_METHOD_MATCH = YES;
				COPY_PHASE_STRIP = NO;
				DEBUG_INFORMATION_FORMAT = "dwarf-with-dsym";
				ENABLE_NS_ASSERTIONS = NO;
				ENABLE_STRICT_OBJC_MSGSEND = YES;
				GCC_C_LANGUAGE_STANDARD = gnu11;
				GCC_NO_COMMON_BLOCKS = YES;
				GCC_WARN_64_TO_32_BIT_CONVERSION = YES;
				GCC_WARN_ABOUT_RETURN_TYPE = YES_ERROR;
				GCC_WARN_UNDECLARED_SELECTOR = YES;
				GCC_WARN_UNINITIALIZED_AUTOS = YES_AGGRESSIVE;
				GCC_WARN_UNUSED_FUNCTION = YES;
				GCC_WARN_UNUSED_VARIABLE = YES;
				MACOSX_DEPLOYMENT_TARGET = 12.0;
				MTL_ENABLE_DEBUG_INFO = NO;
				MTL_FAST_MATH = YES;
				SDKROOT = macosx;
				SWIFT_COMPILATION_MODE = wholemodule;
				SWIFT_OPTIMIZATION_LEVEL = "-O";
			};
			name = Release;
		};
		BBFB920E27575BB00071F5F9 /* Debug */ = {
			isa = XCBuildConfiguration;
			buildSettings = {
				CODE_SIGN_STYLE = Automatic;
				PRODUCT_NAME = "$(TARGET_NAME)";
				SWIFT_VERSION = 5.0;
			};
			name = Debug;
		};
		BBFB920F27575BB00071F5F9 /* Release */ = {
			isa = XCBuildConfiguration;
			buildSettings = {
				CODE_SIGN_STYLE = Automatic;
				PRODUCT_NAME = "$(TARGET_NAME)";
				SWIFT_VERSION = 5.0;
			};
			name = Release;
		};
/* End XCBuildConfiguration section */

/* Begin XCConfigurationList section */
		BBFB920127575BB00071F5F9 /* Build configuration list for PBXProject "swift" */ = {
			isa = XCConfigurationList;
			buildConfigurations = (
				BBFB920B27575BB00071F5F9 /* Debug */,
				BBFB920C27575BB00071F5F9 /* Release */,
			);
			defaultConfigurationIsVisible = 0;
			defaultConfigurationName = Release;
		};
		BBFB920D27575BB00071F5F9 /* Build configuration list for PBXNativeTarget "advent-of-code" */ = {
			isa = XCConfigurationList;
			buildConfigurations = (
				BBFB920E27575BB00071F5F9 /* Debug */,
				BBFB920F27575BB00071F5F9 /* Release */,
			);
			defaultConfigurationIsVisible = 0;
			defaultConfigurationName = Release;
		};
/* End XCConfigurationList section */
	};
	rootObject = BBFB91FE27575BB00071F5F9 /* Project object */;
}
